
Microsoft Visual Studio Solution File, Format Version 12.00
# Visual Studio Version 17
VisualStudioVersion = 17.3.32929.385
MinimumVisualStudioVersion = 10.0.40219.1
Project("{9A19103F-16F7-4668-BE54-9A1E7A4F7556}") = "BankingSystem.API", "BankingSystem.API\BankingSystem.API.csproj", "{EB404CC5-CA8E-413C-91F8-48B68C0242D4}"
EndProject
Project("{9A19103F-16F7-4668-BE54-9A1E7A4F7556}") = "DB", "DB\DB.csproj", "{78CBA038-CCD7-4BF1-A9BC-B56B80E6D73B}"
EndProject
Project("{9A19103F-16F7-4668-BE54-9A1E7A4F7556}") = "Services", "Services\Services.csproj", "{D0E22704-89E2-4829-A2F9-54E8FD720BF1}"
EndProject
Project("{9A19103F-16F7-4668-BE54-9A1E7A4F7556}") = "Repositories", "Repositories\Repositories.csproj", "{69EAF8ED-FDBB-4BD5-9BF7-2E1B11993AE6}"
EndProject
Project("{FAE04EC0-301F-11D3-BF4B-00C04F79EFBC}") = "UnitTests", "UnitTests\UnitTests.csproj", "{01514464-A633-49F3-9346-07DDC7195AB7}"
EndProject
Global
	GlobalSection(SolutionConfigurationPlatforms) = preSolution
		Debug|Any CPU = Debug|Any CPU
		Release|Any CPU = Release|Any CPU
	EndGlobalSection
	GlobalSection(ProjectConfigurationPlatforms) = postSolution
		{EB404CC5-CA8E-413C-91F8-48B68C0242D4}.Debug|Any CPU.ActiveCfg = Debug|Any CPU
		{EB404CC5-CA8E-413C-91F8-48B68C0242D4}.Debug|Any CPU.Build.0 = Debug|Any CPU
		{EB404CC5-CA8E-413C-91F8-48B68C0242D4}.Release|Any CPU.ActiveCfg = Release|Any CPU
		{EB404CC5-CA8E-413C-91F8-48B68C0242D4}.Release|Any CPU.Build.0 = Release|Any CPU
		{78CBA038-CCD7-4BF1-A9BC-B56B80E6D73B}.Debug|Any CPU.ActiveCfg = Debug|Any CPU
		{78CBA038-CCD7-4BF1-A9BC-B56B80E6D73B}.Debug|Any CPU.Build.0 = Debug|Any CPU
		{78CBA038-CCD7-4BF1-A9BC-B56B80E6D73B}.Release|Any CPU.ActiveCfg = Release|Any CPU
		{78CBA038-CCD7-4BF1-A9BC-B56B80E6D73B}.Release|Any CPU.Build.0 = Release|Any CPU
		{D0E22704-89E2-4829-A2F9-54E8FD720BF1}.Debug|Any CPU.ActiveCfg = Debug|Any CPU
		{D0E22704-89E2-4829-A2F9-54E8FD720BF1}.Debug|Any CPU.Build.0 = Debug|Any CPU
		{D0E22704-89E2-4829-A2F9-54E8FD720BF1}.Release|Any CPU.ActiveCfg = Release|Any CPU
		{D0E22704-89E2-4829-A2F9-54E8FD720BF1}.Release|Any CPU.Build.0 = Release|Any CPU
		{69EAF8ED-FDBB-4BD5-9BF7-2E1B11993AE6}.Debug|Any CPU.ActiveCfg = Debug|Any CPU
		{69EAF8ED-FDBB-4BD5-9BF7-2E1B11993AE6}.Debug|Any CPU.Build.0 = Debug|Any CPU
		{69EAF8ED-FDBB-4BD5-9BF7-2E1B11993AE6}.Release|Any CPU.ActiveCfg = Release|Any CPU
		{69EAF8ED-FDBB-4BD5-9BF7-2E1B11993AE6}.Release|Any CPU.Build.0 = Release|Any CPU
		{01514464-A633-49F3-9346-07DDC7195AB7}.Debug|Any CPU.ActiveCfg = Debug|Any CPU
		{01514464-A633-49F3-9346-07DDC7195AB7}.Debug|Any CPU.Build.0 = Debug|Any CPU
		{01514464-A633-49F3-9346-07DDC7195AB7}.Release|Any CPU.ActiveCfg = Release|Any CPU
		{01514464-A633-49F3-9346-07DDC7195AB7}.Release|Any CPU.Build.0 = Release|Any CPU
	EndGlobalSection
	GlobalSection(SolutionProperties) = preSolution
		HideSolutionNode = FALSE
	EndGlobalSection
	GlobalSection(ExtensibilityGlobals) = postSolution
		SolutionGuid = {420E0428-6B3A-403D-8088-4AA6F43B41BF}
	EndGlobalSection
EndGlobal
